[[package]]
name = "lark"
version = "1.1.9"
description = "a modern parsing library"
category = "main"
optional = false
python-versions = ">=3.6"

[package.extras]
atomic_cache = ["atomicwrites"]
interegular = ["interegular (>=0.3.1,<0.4.0)"]
nearley = ["js2py"]
regex = ["regex"]

[[package]]
name = "numpy"
version = "1.22.2"
description = "NumPy is the fundamental package for array computing with Python."
category = "main"
optional = false
python-versions = ">=3.8"

[metadata]
lock-version = "1.1"
python-versions = ">=3.8.0,<3.9"
content-hash = "cbb3ac80784a29a126f447ba6f20d9a26b60e366ef8b5498945768945bd81dd7"

[metadata.files]
lark = []
numpy = []
